
Microsoft Visual Studio Solution File, Format Version 12.00
# Visual Studio 2013
VisualStudioVersion = 12.0.30501.0
MinimumVisualStudioVersion = 10.0.40219.1
Project("{FAE04EC0-301F-11D3-BF4B-00C04F79EFBC}") = "Home.Web.Http.Framework", "Home.Web.Http.Framework\Home.Web.Http.Framework.csproj", "{F64D72E5-CC80-4222-9255-FD9DD3F807E5}"
EndProject
Global
	GlobalSection(SolutionConfigurationPlatforms) = preSolution
		Debug|Any CPU = Debug|Any CPU
		Release|Any CPU = Release|Any CPU
	EndGlobalSection
	GlobalSection(ProjectConfigurationPlatforms) = postSolution
		{F64D72E5-CC80-4222-9255-FD9DD3F807E5}.Debug|Any CPU.ActiveCfg = Debug|Any CPU
		{F64D72E5-CC80-4222-9255-FD9DD3F807E5}.Debug|Any CPU.Build.0 = Debug|Any CPU
		{F64D72E5-CC80-4222-9255-FD9DD3F807E5}.Release|Any CPU.ActiveCfg = Release|Any CPU
		{F64D72E5-CC80-4222-9255-FD9DD3F807E5}.Release|Any CPU.Build.0 = Release|Any CPU
	EndGlobalSection
	GlobalSection(SolutionProperties) = preSolution
		HideSolutionNode = FALSE
	EndGlobalSection
EndGlobal
